version = 1
requires-python = ">=3.10"

[[package]]
name = "greenlet"
version = "3.2.0"
source = { registry = "https://pypi.org/simple" }
sdist = { url = "https://files.pythonhosted.org/packages/b0/9c/666d8c71b18d0189cf801c0e0b31c4bfc609ac823883286045b1f3ae8994/greenlet-3.2.0.tar.gz", hash = "sha256:1d2d43bd711a43db8d9b9187500e6432ddb4fafe112d082ffabca8660a9e01a7", size = 183685 }
wheels = [
    { url = "https://files.pythonhosted.org/packages/96/bd/1d330ca53f844c463cb63cf4ca1ed1798a50b8fd1e1db576cbb473b8c1b3/greenlet-3.2.0-cp310-cp310-macosx_11_0_universal2.whl", hash = "sha256:b7a7b7f2bad3ca72eb2fa14643f1c4ca11d115614047299d89bc24a3b11ddd09", size = 267375 },
    { url = "https://files.pythonhosted.org/packages/a3/a7/7ec4461f7a6a9f8963f2be793a99763e9cd66bc07599011620a75bb3900e/greenlet-3.2.0-cp310-cp310-manylinux_2_17_aarch64.manylinux2014_aarch64.whl", hash = "sha256:60e77242e38e99ecaede853755bbd8165e0b20a2f1f3abcaa6f0dceb826a7411", size = 625728 },
    { url = "https://files.pythonhosted.org/packages/59/8a/70b63c74b3e27df7827777e206395ee190a0cf8f85cd1b3674b7992651f1/greenlet-3.2.0-cp310-cp310-manylinux_2_17_ppc64le.manylinux2014_ppc64le.whl", hash = "sha256:d3f32d7c70b1c26844fd0e4e56a1da852b493e4e1c30df7b07274a1e5a9b599e", size = 636992 },
    { url = "https://files.pythonhosted.org/packages/5e/d8/dc3e8157b045423f75e2fb327d4c6f20246b5cc12a09f0c7f28860be5dea/greenlet-3.2.0-cp310-cp310-manylinux_2_17_s390x.manylinux2014_s390x.whl", hash = "sha256:d97bc1be4bad83b70d8b8627ada6724091af41139616696e59b7088f358583b9", size = 632888 },
    { url = "https://files.pythonhosted.org/packages/2c/fb/6868c1c796ff6f9893d5b312c36c6c9d31c8be98e435210bfe1e5e6f8624/greenlet-3.2.0-cp310-cp310-manylinux_2_17_x86_64.manylinux2014_x86_64.whl", hash = "sha256:23f56a0103deb5570c8d6a0bb4ddf8a7a28931973ad7ed7a883460a67e599b32", size = 631647 },
    { url = "https://files.pythonhosted.org/packages/56/54/a4bdefd2664382c7652fde5d7c2d8851b88161c65fbeeed15b351e5d9fc6/greenlet-3.2.0-cp310-cp310-manylinux_2_24_x86_64.manylinux_2_28_x86_64.whl", hash = "sha256:2919b126eeb63ca5fa971501cd20cd6cdb5522369a8e39548bbc73a3e10b8b41", size = 580585 },
    { url = "https://files.pythonhosted.org/packages/e9/20/53a45e165c228b4d490a15918377a6ef16cf4ea9ddf5974d4b49e5c81650/greenlet-3.2.0-cp310-cp310-musllinux_1_1_aarch64.whl", hash = "sha256:844acfd479ee380f3810415e682c9ee941725fb90b45e139bb7fd6f85c6c9a30", size = 1109798 },
    { url = "https://files.pythonhosted.org/packages/95/c4/f9be6264cc19b8ea2c868e1a0b06546de7da2aa296400845cd4abdbb877b/greenlet-3.2.0-cp310-cp310-musllinux_1_1_x86_64.whl", hash = "sha256:2b986f1a6467710e7ffeeeac1777da0318c95bbfcc467acbd0bd35abc775f558", size = 1133421 },
    { url = "https://files.pythonhosted.org/packages/0a/d6/14648d06627db2db62d633d5d6af96866cea7e38b02b8e4992cd33c58e00/greenlet-3.2.0-cp310-cp310-win_amd64.whl", hash = "sha256:29449a2b82ed7ce11f8668c31ef20d31e9d88cd8329eb933098fab5a8608a93a", size = 294968 },
    { url = "https://files.pythonhosted.org/packages/2d/d3/0a25528e54eca3c57524d2ef1f63283c8c6db466c785218036ab7fc2d4ff/greenlet-3.2.0-cp311-cp311-macosx_11_0_universal2.whl", hash = "sha256:b99de16560097b9984409ded0032f101f9555e1ab029440fc6a8b5e76dbba7ac", size = 268620 },
    { url = "https://files.pythonhosted.org/packages/ff/40/f937eb7c1e641ca12089265c57874fcdd173c6c8aabdec3a494641d81eb9/greenlet-3.2.0-cp311-cp311-manylinux_2_17_aarch64.manylinux2014_aarch64.whl", hash = "sha256:a0bc5776ac2831c022e029839bf1b9d3052332dcf5f431bb88c8503e27398e31", size = 628787 },
    { url = "https://files.pythonhosted.org/packages/12/8d/f248691502cb85ce8b18d442032dbde5d3dd16ff2d15593cbee33c40f29c/greenlet-3.2.0-cp311-cp311-manylinux_2_17_ppc64le.manylinux2014_ppc64le.whl", hash = "sha256:1dcb1108449b55ff6bc0edac9616468f71db261a4571f27c47ccf3530a7f8b97", size = 640838 },
    { url = "https://files.pythonhosted.org/packages/d5/f1/2a572bf4fc667e8835ed8c4ef8b729eccd0666ed9e6db8c61c5796fd2dc9/greenlet-3.2.0-cp311-cp311-manylinux_2_17_s390x.manylinux2014_s390x.whl", hash = "sha256:82a68a25a08f51fc8b66b113d1d9863ee123cdb0e8f1439aed9fc795cd6f85cf", size = 636760 },
    { url = "https://files.pythonhosted.org/packages/12/d6/f9ecc8dcb17516a0f4ab91df28497303e8d2d090d509fe3e1b1a85b23e90/greenlet-3.2.0-cp311-cp311-manylinux_2_17_x86_64.manylinux2014_x86_64.whl", hash = "sha256:7fee6f518868e8206c617f4084a83ad4d7a3750b541bf04e692dfa02e52e805d", size = 636001 },
    { url = "https://files.pythonhosted.org/packages/fc/b2/28ab943ff898d6aad3e0ab88fad722c892a43375fabb9789dcc29075da36/greenlet-3.2.0-cp311-cp311-manylinux_2_24_x86_64.manylinux_2_28_x86_64.whl", hash = "sha256:6fad8a9ca98b37951a053d7d2d2553569b151cd8c4ede744806b94d50d7f8f73", size = 583936 },
    { url = "https://files.pythonhosted.org/packages/44/a8/dedd1517fae684c3c08ff53ab8b03e328015da4b52d2bd993279ac3a8c3d/greenlet-3.2.0-cp311-cp311-musllinux_1_1_aarch64.whl", hash = "sha256:0e14541f9024a280adb9645143d6a0a51fda6f7c5695fd96cb4d542bb563442f", size = 1112901 },
    { url = "https://files.pythonhosted.org/packages/45/23/15cf5d4bc864c3dc0dcb708bcaa81cd1a3dc2012326d32ad8a46d77a645e/greenlet-3.2.0-cp311-cp311-musllinux_1_1_x86_64.whl", hash = "sha256:7f163d04f777e7bd229a50b937ecc1ae2a5b25296e6001445e5433e4f51f5191", size = 1138328 },
    { url = "https://files.pythonhosted.org/packages/ba/82/c7cf91e89451a922c049ac1f0123de091260697e26e8b98d299555ad96a5/greenlet-3.2.0-cp311-cp311-win_amd64.whl", hash = "sha256:39801e633a978c3f829f21022501e7b0c3872683d7495c1850558d1a6fb95ed0", size = 295415 },
    { url = "https://files.pythonhosted.org/packages/0e/8d/3c55e88ab01866fb696f68d6c94587a1b7ec8c8a9c56b1383ad05bc14811/greenlet-3.2.0-cp312-cp312-macosx_11_0_universal2.whl", hash = "sha256:7d08b88ee8d506ca1f5b2a58744e934d33c6a1686dd83b81e7999dfc704a912f", size = 270391 },
    { url = "https://files.pythonhosted.org/packages/8b/6f/4a15185a386992ba4fbb55f88c1a189b75c7ce6e145b43ae4e50754d1969/greenlet-3.2.0-cp312-cp312-manylinux_2_17_aarch64.manylinux2014_aarch64.whl", hash = "sha256:58ef3d637c54e2f079064ca936556c4af3989144e4154d80cfd4e2a59fc3769c", size = 637202 },
    { url = "https://files.pythonhosted.org/packages/71/f8/60214debfe3b9670bafac97bfc40e318cbddb4ff4b5cf07df119c4a56dcd/greenlet-3.2.0-cp312-cp312-manylinux_2_17_ppc64le.manylinux2014_ppc64le.whl", hash = "sha256:33ea7e7269d6f7275ce31f593d6dcfedd97539c01f63fbdc8d84e493e20b1b2c", size = 651391 },
    { url = "https://files.pythonhosted.org/packages/a9/44/fb5e067a728a4df73a30863973912ba6eb01f3d910caaf129ef789ca222d/greenlet-3.2.0-cp312-cp312-manylinux_2_17_s390x.manylinux2014_s390x.whl", hash = "sha256:e61d426969b68b2170a9f853cc36d5318030494576e9ec0bfe2dc2e2afa15a68", size = 646118 },
    { url = "https://files.pythonhosted.org/packages/f0/3e/f329b452869d8bc07dbaa112c0175de5e666a7d15eb243781481fb59b863/greenlet-3.2.0-cp312-cp312-manylinux_2_17_x86_64.manylinux2014_x86_64.whl", hash = "sha256:04e781447a4722e30b4861af728cb878d73a3df79509dc19ea498090cea5d204", size = 648079 },
    { url = "https://files.pythonhosted.org/packages/56/e5/813a2e8e842289579391cbd3ae6e6e6a3d2fcad8bdd89bd549a4035ab057/greenlet-3.2.0-cp312-cp312-manylinux_2_24_x86_64.manylinux_2_28_x86_64.whl", hash = "sha256:b2392cc41eeed4055978c6b52549ccd9effd263bb780ffd639c0e1e7e2055ab0", size = 603825 },
    { url = "https://files.pythonhosted.org/packages/4a/11/0bad66138622d0c1463b0b87935cefd397f9f04fac325a838525a3aa4da7/greenlet-3.2.0-cp312-cp312-musllinux_1_1_aarch64.whl", hash = "sha256:430cba962c85e339767235a93450a6aaffed6f9c567e73874ea2075f5aae51e1", size = 1119582 },
    { url = "https://files.pythonhosted.org/packages/17/26/0f8a4d222b9014af88bb8b5d921305308dd44de667c01714817dc9fb91fb/greenlet-3.2.0-cp312-cp312-musllinux_1_1_x86_64.whl", hash = "sha256:5e57ff52315bfc0c5493917f328b8ba3ae0c0515d94524453c4d24e7638cbb53", size = 1147452 },
    { url = "https://files.pythonhosted.org/packages/8a/d4/70d262492338c4939f97dca310c45b002a3af84b265720f0e9b135bc85b2/greenlet-3.2.0-cp312-cp312-win_amd64.whl", hash = "sha256:211a9721f540e454a02e62db7956263e9a28a6cf776d4b9a7213844e36426333", size = 296217 },
    { url = "https://files.pythonhosted.org/packages/c9/43/c0b655d4d7eae19282b028bcec449e5c80626ad0d8d0ca3703f9b1c29258/greenlet-3.2.0-cp313-cp313-macosx_11_0_universal2.whl", hash = "sha256:b86a3ccc865ae601f446af042707b749eebc297928ea7bd0c5f60c56525850be", size = 269131 },
    { url = "https://files.pythonhosted.org/packages/7c/7d/c8f51c373c7f7ac0f73d04a6fd77ab34f6f643cb41a0d186d05ba96708e7/greenlet-3.2.0-cp313-cp313-manylinux_2_17_aarch64.manylinux2014_aarch64.whl", hash = "sha256:144283ad88ed77f3ebd74710dd419b55dd15d18704b0ae05935766a93f5671c5", size = 637323 },
    { url = "https://files.pythonhosted.org/packages/89/65/c3ee41b2e56586737d6e124b250583695628ffa6b324855b3a1267a8d1d9/greenlet-3.2.0-cp313-cp313-manylinux_2_17_ppc64le.manylinux2014_ppc64le.whl", hash = "sha256:5be69cd50994b8465c3ad1467f9e63001f76e53a89440ad4440d1b6d52591280", size = 651430 },
    { url = "https://files.pythonhosted.org/packages/f0/07/33bd7a3dcde1db7259371d026ce76be1eb653d2d892334fc79a500b3c5ee/greenlet-3.2.0-cp313-cp313-manylinux_2_17_s390x.manylinux2014_s390x.whl", hash = "sha256:47aeadd1e8fbdef8fdceb8fb4edc0cbb398a57568d56fd68f2bc00d0d809e6b6", size = 645798 },
    { url = "https://files.pythonhosted.org/packages/35/5b/33c221a6a867030b0b770513a1b78f6c30e04294131dafdc8da78906bbe6/greenlet-3.2.0-cp313-cp313-manylinux_2_17_x86_64.manylinux2014_x86_64.whl", hash = "sha256:18adc14ab154ca6e53eecc9dc50ff17aeb7ba70b7e14779b26e16d71efa90038", size = 648271 },
    { url = "https://files.pythonhosted.org/packages/4d/dd/d6452248fa6093504e3b7525dc2bdc4e55a4296ec6ee74ba241a51d852e2/greenlet-3.2.0-cp313-cp313-manylinux_2_24_x86_64.manylinux_2_28_x86_64.whl", hash = "sha256:e8622b33d8694ec373ad55050c3d4e49818132b44852158442e1931bb02af336", size = 606779 },
    { url = "https://files.pythonhosted.org/packages/9d/24/160f04d2589bcb15b8661dcd1763437b22e01643626899a4139bf98f02af/greenlet-3.2.0-cp313-cp313-musllinux_1_1_aarch64.whl", hash = "sha256:e8ac9a2c20fbff3d0b853e9ef705cdedb70d9276af977d1ec1cde86a87a4c821", size = 1117968 },
    { url = "https://files.pythonhosted.org/packages/6c/ff/c6e3f3a5168fef5209cfd9498b2b5dd77a0bf29dfc686a03dcc614cf4432/greenlet-3.2.0-cp313-cp313-musllinux_1_1_x86_64.whl", hash = "sha256:cd37273dc7ca1d5da149b58c8b3ce0711181672ba1b09969663905a765affe21", size = 1145510 },
    { url = "https://files.pythonhosted.org/packages/dc/62/5215e374819052e542b5bde06bd7d4a171454b6938c96a2384f21cb94279/greenlet-3.2.0-cp313-cp313-win_amd64.whl", hash = "sha256:8a8940a8d301828acd8b9f3f85db23069a692ff2933358861b19936e29946b95", size = 296004 },
    { url = "https://files.pythonhosted.org/packages/62/6d/dc9c909cba5cbf4b0833fce69912927a8ca74791c23c47b9fd4f28092108/greenlet-3.2.0-cp313-cp313t-manylinux_2_17_aarch64.manylinux2014_aarch64.whl", hash = "sha256:ee59db626760f1ca8da697a086454210d36a19f7abecc9922a2374c04b47735b", size = 629900 },
    { url = "https://files.pythonhosted.org/packages/5e/a9/f3f304fbbbd604858ff3df303d7fa1d8f7f9e45a6ef74481aaf03aaac021/greenlet-3.2.0-cp313-cp313t-manylinux_2_17_ppc64le.manylinux2014_ppc64le.whl", hash = "sha256:7154b13ef87a8b62fc05419f12d75532d7783586ad016c57b5de8a1c6feeb517", size = 635270 },
    { url = "https://files.pythonhosted.org/packages/34/92/4b7b4e2e23ecc723cceef9fe3898e78c8e14e106cc7ba2f276a66161da3e/greenlet-3.2.0-cp313-cp313t-manylinux_2_17_s390x.manylinux2014_s390x.whl", hash = "sha256:199453d64b02d0c9d139e36d29681efd0e407ed8e2c0bf89d88878d6a787c28f", size = 632534 },
    { url = "https://files.pythonhosted.org/packages/da/7f/91f0ecbe72c9d789fb7f400b39da9d1e87fcc2cf8746a9636479ba79ab01/greenlet-3.2.0-cp313-cp313t-manylinux_2_17_x86_64.manylinux2014_x86_64.whl", hash = "sha256:0010e928e1901d36625f21d008618273f9dda26b516dbdecf873937d39c9dff0", size = 628826 },
    { url = "https://files.pythonhosted.org/packages/9f/59/e449a44ce52b13751f55376d85adc155dd311608f6d2aa5b6bd2c8d15486/greenlet-3.2.0-cp313-cp313t-manylinux_2_24_x86_64.manylinux_2_28_x86_64.whl", hash = "sha256:6005f7a86de836a1dc4b8d824a2339cdd5a1ca7cb1af55ea92575401f9952f4c", size = 593697 },
    { url = "https://files.pythonhosted.org/packages/bb/09/cca3392927c5c990b7a8ede64ccd0712808438d6490d63ce6b8704d6df5f/greenlet-3.2.0-cp313-cp313t-musllinux_1_1_aarch64.whl", hash = "sha256:17fd241c0d50bacb7ce8ff77a30f94a2d0ca69434ba2e0187cf95a5414aeb7e1", size = 1105762 },
    { url = "https://files.pythonhosted.org/packages/4d/b9/3d201f819afc3b7a8cd7ebe645f1a17799603e2d62c968154518f79f4881/greenlet-3.2.0-cp313-cp313t-musllinux_1_1_x86_64.whl", hash = "sha256:7b17a26abc6a1890bf77d5d6b71c0999705386b00060d15c10b8182679ff2790", size = 1125173 },
    { url = "https://files.pythonhosted.org/packages/80/7b/773a30602234597fc2882091f8e1d1a38ea0b4419d99ca7ed82c827e2c3a/greenlet-3.2.0-cp314-cp314-macosx_11_0_universal2.whl", hash = "sha256:397b6bbda06f8fe895893d96218cd6f6d855a6701dc45012ebe12262423cec8b", size = 269908 },
]

[[package]]
name = "python-dotenv"
version = "1.1.0"
source = { registry = "https://pypi.org/simple" }
sdist = { url = "https://files.pythonhosted.org/packages/88/2c/7bb1416c5620485aa793f2de31d3df393d3686aa8a8506d11e10e13c5baf/python_dotenv-1.1.0.tar.gz", hash = "sha256:41f90bc6f5f177fb41f53e87666db362025010eb28f60a01c9143bfa33a2b2d5", size = 39920 }
wheels = [
    { url = "https://files.pythonhosted.org/packages/1e/18/98a99ad95133c6a6e2005fe89faedf294a748bd5dc803008059409ac9b1e/python_dotenv-1.1.0-py3-none-any.whl", hash = "sha256:d7c01d9e2293916c18baf562d95698754b0dbbb5e74d457c45d4f6561fb9d55d", size = 20256 },
]

[[package]]
name = "retrofun-sqa"
version = "0.1.0"
source = { virtual = "." }
dependencies = [
    { name = "python-dotenv" },
    { name = "sqlalchemy" },
]

[package.metadata]
requires-dist = [
    { name = "python-dotenv", specifier = ">=1.1.0" },
    { name = "sqlalchemy", specifier = ">=2.0.40" },
]

[[package]]
name = "sqlalchemy"
version = "2.0.40"
source = { registry = "https://pypi.org/simple" }
dependencies = [
    { name = "greenlet", marker = "(python_full_version < '3.14' and platform_machine == 'AMD64') or (python_full_version < '3.14' and platform_machine == 'WIN32') or (python_full_version < '3.14' and platform_machine == 'aarch64') or (python_full_version < '3.14' and platform_machine == 'amd64') or (python_full_version < '3.14' and platform_machine == 'ppc64le') or (python_full_version < '3.14' and platform_machine == 'win32') or (python_full_version < '3.14' and platform_machine == 'x86_64')" },
    { name = "typing-extensions" },
]
sdist = { url = "https://files.pythonhosted.org/packages/68/c3/3f2bfa5e4dcd9938405fe2fab5b6ab94a9248a4f9536ea2fd497da20525f/sqlalchemy-2.0.40.tar.gz", hash = "sha256:d827099289c64589418ebbcaead0145cd19f4e3e8a93919a0100247af245fa00", size = 9664299 }
wheels = [
    { url = "https://files.pythonhosted.org/packages/87/fa/8e8fd93684b04e65816be864bebf0000fe1602e5452d006f9acc5db14ce5/sqlalchemy-2.0.40-cp310-cp310-macosx_10_9_x86_64.whl", hash = "sha256:f1ea21bef99c703f44444ad29c2c1b6bd55d202750b6de8e06a955380f4725d7", size = 2112843 },
    { url = "https://files.pythonhosted.org/packages/ba/87/06992f78a9ce545dfd1fea3dd99262bec5221f6f9d2d2066c3e94662529f/sqlalchemy-2.0.40-cp310-cp310-macosx_11_0_arm64.whl", hash = "sha256:afe63b208153f3a7a2d1a5b9df452b0673082588933e54e7c8aac457cf35e758", size = 2104032 },
    { url = "https://files.pythonhosted.org/packages/92/ee/57dc77282e8be22d686bd4681825299aa1069bbe090564868ea270ed5214/sqlalchemy-2.0.40-cp310-cp310-manylinux_2_17_aarch64.manylinux2014_aarch64.whl", hash = "sha256:a8aae085ea549a1eddbc9298b113cffb75e514eadbb542133dd2b99b5fb3b6af", size = 3086406 },
    { url = "https://files.pythonhosted.org/packages/94/3f/ceb9ab214b2e42d2e74a9209b3a2f2f073504eee16cddd2df81feeb67c2f/sqlalchemy-2.0.40-cp310-cp310-manylinux_2_17_x86_64.manylinux2014_x86_64.whl", hash = "sha256:5ea9181284754d37db15156eb7be09c86e16e50fbe77610e9e7bee09291771a1", size = 3094652 },
    { url = "https://files.pythonhosted.org/packages/00/0a/3401232a5b6d91a2df16c1dc39c6504c54575744c2faafa1e5a50de96621/sqlalchemy-2.0.40-cp310-cp310-musllinux_1_2_aarch64.whl", hash = "sha256:5434223b795be5c5ef8244e5ac98056e290d3a99bdcc539b916e282b160dda00", size = 3050503 },
    { url = "https://files.pythonhosted.org/packages/93/c2/ea7171415ab131397f71a2673645c2fe29ebe9a93063d458eb89e42bf051/sqlalchemy-2.0.40-cp310-cp310-musllinux_1_2_x86_64.whl", hash = "sha256:15d08d5ef1b779af6a0909b97be6c1fd4298057504eb6461be88bd1696cb438e", size = 3076011 },
    { url = "https://files.pythonhosted.org/packages/3d/ee/d8e229280d621bed8c51eebf1dd413aa09ca89e309b1fff40d881dd149af/sqlalchemy-2.0.40-cp310-cp310-win32.whl", hash = "sha256:cd2f75598ae70bcfca9117d9e51a3b06fe29edd972fdd7fd57cc97b4dbf3b08a", size = 2085136 },
    { url = "https://files.pythonhosted.org/packages/60/7f/ea1086136bc648cd4713a1e01869f7fc31979d67b3a8f973f5d9ab8de7e1/sqlalchemy-2.0.40-cp310-cp310-win_amd64.whl", hash = "sha256:2cbafc8d39ff1abdfdda96435f38fab141892dc759a2165947d1a8fffa7ef596", size = 2109421 },
    { url = "https://files.pythonhosted.org/packages/77/7e/55044a9ec48c3249bb38d5faae93f09579c35e862bb318ebd1ed7a1994a5/sqlalchemy-2.0.40-cp311-cp311-macosx_10_9_x86_64.whl", hash = "sha256:f6bacab7514de6146a1976bc56e1545bee247242fab030b89e5f70336fc0003e", size = 2114025 },
    { url = "https://files.pythonhosted.org/packages/77/0f/dcf7bba95f847aec72f638750747b12d37914f71c8cc7c133cf326ab945c/sqlalchemy-2.0.40-cp311-cp311-macosx_11_0_arm64.whl", hash = "sha256:5654d1ac34e922b6c5711631f2da497d3a7bffd6f9f87ac23b35feea56098011", size = 2104419 },
    { url = "https://files.pythonhosted.org/packages/75/70/c86a5c20715e4fe903dde4c2fd44fc7e7a0d5fb52c1b954d98526f65a3ea/sqlalchemy-2.0.40-cp311-cp311-manylinux_2_17_aarch64.manylinux2014_aarch64.whl", hash = "sha256:35904d63412db21088739510216e9349e335f142ce4a04b69e2528020ee19ed4", size = 3222720 },
    { url = "https://files.pythonhosted.org/packages/12/cf/b891a8c1d0c27ce9163361664c2128c7a57de3f35000ea5202eb3a2917b7/sqlalchemy-2.0.40-cp311-cp311-manylinux_2_17_x86_64.manylinux2014_x86_64.whl", hash = "sha256:9c7a80ed86d6aaacb8160a1caef6680d4ddd03c944d985aecee940d168c411d1", size = 3222682 },
    { url = "https://files.pythonhosted.org/packages/15/3f/7709d8c8266953d945435a96b7f425ae4172a336963756b58e996fbef7f3/sqlalchemy-2.0.40-cp311-cp311-musllinux_1_2_aarch64.whl", hash = "sha256:519624685a51525ddaa7d8ba8265a1540442a2ec71476f0e75241eb8263d6f51", size = 3159542 },
    { url = "https://files.pythonhosted.org/packages/85/7e/717eaabaf0f80a0132dc2032ea8f745b7a0914451c984821a7c8737fb75a/sqlalchemy-2.0.40-cp311-cp311-musllinux_1_2_x86_64.whl", hash = "sha256:2ee5f9999a5b0e9689bed96e60ee53c3384f1a05c2dd8068cc2e8361b0df5b7a", size = 3179864 },
    { url = "https://files.pythonhosted.org/packages/e4/cc/03eb5dfcdb575cbecd2bd82487b9848f250a4b6ecfb4707e834b4ce4ec07/sqlalchemy-2.0.40-cp311-cp311-win32.whl", hash = "sha256:c0cae71e20e3c02c52f6b9e9722bca70e4a90a466d59477822739dc31ac18b4b", size = 2084675 },
    { url = "https://files.pythonhosted.org/packages/9a/48/440946bf9dc4dc231f4f31ef0d316f7135bf41d4b86aaba0c0655150d370/sqlalchemy-2.0.40-cp311-cp311-win_amd64.whl", hash = "sha256:574aea2c54d8f1dd1699449f332c7d9b71c339e04ae50163a3eb5ce4c4325ee4", size = 2110099 },
    { url = "https://files.pythonhosted.org/packages/92/06/552c1f92e880b57d8b92ce6619bd569b25cead492389b1d84904b55989d8/sqlalchemy-2.0.40-cp312-cp312-macosx_10_13_x86_64.whl", hash = "sha256:9d3b31d0a1c44b74d3ae27a3de422dfccd2b8f0b75e51ecb2faa2bf65ab1ba0d", size = 2112620 },
    { url = "https://files.pythonhosted.org/packages/01/72/a5bc6e76c34cebc071f758161dbe1453de8815ae6e662393910d3be6d70d/sqlalchemy-2.0.40-cp312-cp312-macosx_11_0_arm64.whl", hash = "sha256:37f7a0f506cf78c80450ed1e816978643d3969f99c4ac6b01104a6fe95c5490a", size = 2103004 },
    { url = "https://files.pythonhosted.org/packages/bf/fd/0e96c8e6767618ed1a06e4d7a167fe13734c2f8113c4cb704443e6783038/sqlalchemy-2.0.40-cp312-cp312-manylinux_2_17_aarch64.manylinux2014_aarch64.whl", hash = "sha256:0bb933a650323e476a2e4fbef8997a10d0003d4da996aad3fd7873e962fdde4d", size = 3252440 },
    { url = "https://files.pythonhosted.org/packages/cd/6a/eb82e45b15a64266a2917a6833b51a334ea3c1991728fd905bfccbf5cf63/sqlalchemy-2.0.40-cp312-cp312-manylinux_2_17_x86_64.manylinux2014_x86_64.whl", hash = "sha256:6959738971b4745eea16f818a2cd086fb35081383b078272c35ece2b07012716", size = 3263277 },
    { url = "https://files.pythonhosted.org/packages/45/97/ebe41ab4530f50af99e3995ebd4e0204bf1b0dc0930f32250dde19c389fe/sqlalchemy-2.0.40-cp312-cp312-musllinux_1_2_aarch64.whl", hash = "sha256:110179728e442dae85dd39591beb74072ae4ad55a44eda2acc6ec98ead80d5f2", size = 3198591 },
    { url = "https://files.pythonhosted.org/packages/e6/1c/a569c1b2b2f5ac20ba6846a1321a2bf52e9a4061001f282bf1c5528dcd69/sqlalchemy-2.0.40-cp312-cp312-musllinux_1_2_x86_64.whl", hash = "sha256:e8040680eaacdce4d635f12c55c714f3d4c7f57da2bc47a01229d115bd319191", size = 3225199 },
    { url = "https://files.pythonhosted.org/packages/8f/91/87cc71a6b10065ca0209d19a4bb575378abda6085e72fa0b61ffb2201b84/sqlalchemy-2.0.40-cp312-cp312-win32.whl", hash = "sha256:650490653b110905c10adac69408380688cefc1f536a137d0d69aca1069dc1d1", size = 2082959 },
    { url = "https://files.pythonhosted.org/packages/2a/9f/14c511cda174aa1ad9b0e42b64ff5a71db35d08b0d80dc044dae958921e5/sqlalchemy-2.0.40-cp312-cp312-win_amd64.whl", hash = "sha256:2be94d75ee06548d2fc591a3513422b873490efb124048f50556369a834853b0", size = 2108526 },
    { url = "https://files.pythonhosted.org/packages/8c/18/4e3a86cc0232377bc48c373a9ba6a1b3fb79ba32dbb4eda0b357f5a2c59d/sqlalchemy-2.0.40-cp313-cp313-macosx_10_13_x86_64.whl", hash = "sha256:915866fd50dd868fdcc18d61d8258db1bf9ed7fbd6dfec960ba43365952f3b01", size = 2107887 },
    { url = "https://files.pythonhosted.org/packages/cb/60/9fa692b1d2ffc4cbd5f47753731fd332afed30137115d862d6e9a1e962c7/sqlalchemy-2.0.40-cp313-cp313-macosx_11_0_arm64.whl", hash = "sha256:4a4c5a2905a9ccdc67a8963e24abd2f7afcd4348829412483695c59e0af9a705", size = 2098367 },
    { url = "https://files.pythonhosted.org/packages/4c/9f/84b78357ca641714a439eb3fbbddb17297dacfa05d951dbf24f28d7b5c08/sqlalchemy-2.0.40-cp313-cp313-manylinux_2_17_aarch64.manylinux2014_aarch64.whl", hash = "sha256:55028d7a3ebdf7ace492fab9895cbc5270153f75442a0472d8516e03159ab364", size = 3184806 },
    { url = "https://files.pythonhosted.org/packages/4b/7d/e06164161b6bfce04c01bfa01518a20cccbd4100d5c951e5a7422189191a/sqlalchemy-2.0.40-cp313-cp313-manylinux_2_17_x86_64.manylinux2014_x86_64.whl", hash = "sha256:6cfedff6878b0e0d1d0a50666a817ecd85051d12d56b43d9d425455e608b5ba0", size = 3198131 },
    { url = "https://files.pythonhosted.org/packages/6d/51/354af20da42d7ec7b5c9de99edafbb7663a1d75686d1999ceb2c15811302/sqlalchemy-2.0.40-cp313-cp313-musllinux_1_2_aarch64.whl", hash = "sha256:bb19e30fdae77d357ce92192a3504579abe48a66877f476880238a962e5b96db", size = 3131364 },
    { url = "https://files.pythonhosted.org/packages/7a/2f/48a41ff4e6e10549d83fcc551ab85c268bde7c03cf77afb36303c6594d11/sqlalchemy-2.0.40-cp313-cp313-musllinux_1_2_x86_64.whl", hash = "sha256:16d325ea898f74b26ffcd1cf8c593b0beed8714f0317df2bed0d8d1de05a8f26", size = 3159482 },
    { url = "https://files.pythonhosted.org/packages/33/ac/e5e0a807163652a35be878c0ad5cfd8b1d29605edcadfb5df3c512cdf9f3/sqlalchemy-2.0.40-cp313-cp313-win32.whl", hash = "sha256:a669cbe5be3c63f75bcbee0b266779706f1a54bcb1000f302685b87d1b8c1500", size = 2080704 },
    { url = "https://files.pythonhosted.org/packages/1c/cb/f38c61f7f2fd4d10494c1c135ff6a6ddb63508d0b47bccccd93670637309/sqlalchemy-2.0.40-cp313-cp313-win_amd64.whl", hash = "sha256:641ee2e0834812d657862f3a7de95e0048bdcb6c55496f39c6fa3d435f6ac6ad", size = 2104564 },
    { url = "https://files.pythonhosted.org/packages/d1/7c/5fc8e802e7506fe8b55a03a2e1dab156eae205c91bee46305755e086d2e2/sqlalchemy-2.0.40-py3-none-any.whl", hash = "sha256:32587e2e1e359276957e6fe5dad089758bc042a971a8a09ae8ecf7a8fe23d07a", size = 1903894 },
]

[[package]]
name = "typing-extensions"
version = "4.13.2"
source = { registry = "https://pypi.org/simple" }
sdist = { url = "https://files.pythonhosted.org/packages/f6/37/23083fcd6e35492953e8d2aaaa68b860eb422b34627b13f2ce3eb6106061/typing_extensions-4.13.2.tar.gz", hash = "sha256:e6c81219bd689f51865d9e372991c540bda33a0379d5573cddb9a3a23f7caaef", size = 106967 }
wheels = [
    { url = "https://files.pythonhosted.org/packages/8b/54/b1ae86c0973cc6f0210b53d508ca3641fb6d0c56823f288d108bc7ab3cc8/typing_extensions-4.13.2-py3-none-any.whl", hash = "sha256:a439e7c04b49fec3e5d3e2beaa21755cadbbdc391694e28ccdd36ca4a1408f8c", size = 45806 },
]
